
Microsoft Visual Studio Solution File, Format Version 12.00
# Visual Studio Version 17
VisualStudioVersion = 17.14.36518.9 d17.14
MinimumVisualStudioVersion = 10.0.40219.1
Project("{FAE04EC0-301F-11D3-BF4B-00C04F79EFBC}") = "N2.McpCore", "N2.McpCore\N2.McpCore.csproj", "{73D65E36-702E-1200-4DEA-971DACE801B4}"
EndProject
Global
	GlobalSection(SolutionConfigurationPlatforms) = preSolution
		Debug|Any CPU = Debug|Any CPU
		Release|Any CPU = Release|Any CPU
	EndGlobalSection
	GlobalSection(ProjectConfigurationPlatforms) = postSolution
		{73D65E36-702E-1200-4DEA-971DACE801B4}.Debug|Any CPU.ActiveCfg = Debug|Any CPU
		{73D65E36-702E-1200-4DEA-971DACE801B4}.Debug|Any CPU.Build.0 = Debug|Any CPU
		{73D65E36-702E-1200-4DEA-971DACE801B4}.Release|Any CPU.ActiveCfg = Release|Any CPU
		{73D65E36-702E-1200-4DEA-971DACE801B4}.Release|Any CPU.Build.0 = Release|Any CPU
	EndGlobalSection
	GlobalSection(SolutionProperties) = preSolution
		HideSolutionNode = FALSE
	EndGlobalSection
	GlobalSection(ExtensibilityGlobals) = postSolution
		SolutionGuid = {F385B58E-9A0E-40FE-84E0-09C99B26351F}
	EndGlobalSection
EndGlobal
